
Microsoft Visual Studio Solution File, Format Version 12.00
# Visual Studio Version 16
VisualStudioVersion = 16.0.29230.47
MinimumVisualStudioVersion = 10.0.40219.1
Project("{FAE04EC0-301F-11D3-BF4B-00C04F79EFBC}") = "OrderSystem", "OrderSystem.csproj", "{27FDA368-22CE-4921-B8EC-0E01CE3DCB16}"
EndProject
Project("{FAE04EC0-301F-11D3-BF4B-00C04F79EFBC}") = "XUnitTestOrderSystem", "..\XUnitTestOrderSystem\XUnitTestOrderSystem.csproj", "{3F4BA173-AB96-4AD6-8323-D6F18E491DDA}"
EndProject
Global
	GlobalSection(SolutionConfigurationPlatforms) = preSolution
		Debug|Any CPU = Debug|Any CPU
		Release|Any CPU = Release|Any CPU
	EndGlobalSection
	GlobalSection(ProjectConfigurationPlatforms) = postSolution
		{27FDA368-22CE-4921-B8EC-0E01CE3DCB16}.Debug|Any CPU.ActiveCfg = Debug|Any CPU
		{27FDA368-22CE-4921-B8EC-0E01CE3DCB16}.Debug|Any CPU.Build.0 = Debug|Any CPU
		{27FDA368-22CE-4921-B8EC-0E01CE3DCB16}.Release|Any CPU.ActiveCfg = Release|Any CPU
		{27FDA368-22CE-4921-B8EC-0E01CE3DCB16}.Release|Any CPU.Build.0 = Release|Any CPU
		{3F4BA173-AB96-4AD6-8323-D6F18E491DDA}.Debug|Any CPU.ActiveCfg = Debug|Any CPU
		{3F4BA173-AB96-4AD6-8323-D6F18E491DDA}.Debug|Any CPU.Build.0 = Debug|Any CPU
		{3F4BA173-AB96-4AD6-8323-D6F18E491DDA}.Release|Any CPU.ActiveCfg = Release|Any CPU
		{3F4BA173-AB96-4AD6-8323-D6F18E491DDA}.Release|Any CPU.Build.0 = Release|Any CPU
	EndGlobalSection
	GlobalSection(SolutionProperties) = preSolution
		HideSolutionNode = FALSE
	EndGlobalSection
	GlobalSection(ExtensibilityGlobals) = postSolution
		SolutionGuid = {A70DF6E4-0B0E-4D56-915E-1FDD0E8B8A3B}
	EndGlobalSection
EndGlobal
